
Microsoft Visual Studio Solution File, Format Version 12.00
# Visual Studio Version 17
VisualStudioVersion = 17.14.36310.24 d17.14
MinimumVisualStudioVersion = 10.0.40219.1
Project("{FAE04EC0-301F-11D3-BF4B-00C04F79EFBC}") = "Sueldo.Empleados", "Sueldo.Empleados\Sueldo.Empleados.csproj", "{B8B77582-15A6-420F-94AF-F2FE33F7C6B9}"
EndProject
Global
	GlobalSection(SolutionConfigurationPlatforms) = preSolution
		Debug|Any CPU = Debug|Any CPU
		Release|Any CPU = Release|Any CPU
	EndGlobalSection
	GlobalSection(ProjectConfigurationPlatforms) = postSolution
		{B8B77582-15A6-420F-94AF-F2FE33F7C6B9}.Debug|Any CPU.ActiveCfg = Debug|Any CPU
		{B8B77582-15A6-420F-94AF-F2FE33F7C6B9}.Debug|Any CPU.Build.0 = Debug|Any CPU
		{B8B77582-15A6-420F-94AF-F2FE33F7C6B9}.Release|Any CPU.ActiveCfg = Release|Any CPU
		{B8B77582-15A6-420F-94AF-F2FE33F7C6B9}.Release|Any CPU.Build.0 = Release|Any CPU
	EndGlobalSection
	GlobalSection(SolutionProperties) = preSolution
		HideSolutionNode = FALSE
	EndGlobalSection
	GlobalSection(ExtensibilityGlobals) = postSolution
		SolutionGuid = {635F215E-383A-400B-87DD-0F2F4ECA5861}
	EndGlobalSection
EndGlobal
