
Microsoft Visual Studio Solution File, Format Version 12.00
# Visual Studio Version 17
VisualStudioVersion = 17.14.36310.24 d17.14
MinimumVisualStudioVersion = 10.0.40219.1
Project("{FAE04EC0-301F-11D3-BF4B-00C04F79EFBC}") = "ACADEMICO2025", "ACADEMICO2025\ACADEMICO2025.csproj", "{D89F3316-A7B8-4AA5-84CA-F697B5095DB4}"
EndProject
Global
	GlobalSection(SolutionConfigurationPlatforms) = preSolution
		Debug|Any CPU = Debug|Any CPU
		Release|Any CPU = Release|Any CPU
	EndGlobalSection
	GlobalSection(ProjectConfigurationPlatforms) = postSolution
		{D89F3316-A7B8-4AA5-84CA-F697B5095DB4}.Debug|Any CPU.ActiveCfg = Debug|Any CPU
		{D89F3316-A7B8-4AA5-84CA-F697B5095DB4}.Debug|Any CPU.Build.0 = Debug|Any CPU
		{D89F3316-A7B8-4AA5-84CA-F697B5095DB4}.Release|Any CPU.ActiveCfg = Release|Any CPU
		{D89F3316-A7B8-4AA5-84CA-F697B5095DB4}.Release|Any CPU.Build.0 = Release|Any CPU
	EndGlobalSection
	GlobalSection(SolutionProperties) = preSolution
		HideSolutionNode = FALSE
	EndGlobalSection
	GlobalSection(ExtensibilityGlobals) = postSolution
		SolutionGuid = {2AF822A7-7BF0-447A-A01B-526970D4B723}
	EndGlobalSection
EndGlobal
