
Microsoft Visual Studio Solution File, Format Version 12.00
# Visual Studio Version 17
VisualStudioVersion = 17.14.36310.24 d17.14
MinimumVisualStudioVersion = 10.0.40219.1
Project("{FAE04EC0-301F-11D3-BF4B-00C04F79EFBC}") = "webappacademica25", "webappacademica25\webappacademica25.csproj", "{416E41AA-0139-41C8-A8D0-A2CA78AC570E}"
EndProject
Global
	GlobalSection(SolutionConfigurationPlatforms) = preSolution
		Debug|Any CPU = Debug|Any CPU
		Release|Any CPU = Release|Any CPU
	EndGlobalSection
	GlobalSection(ProjectConfigurationPlatforms) = postSolution
		{416E41AA-0139-41C8-A8D0-A2CA78AC570E}.Debug|Any CPU.ActiveCfg = Debug|Any CPU
		{416E41AA-0139-41C8-A8D0-A2CA78AC570E}.Debug|Any CPU.Build.0 = Debug|Any CPU
		{416E41AA-0139-41C8-A8D0-A2CA78AC570E}.Release|Any CPU.ActiveCfg = Release|Any CPU
		{416E41AA-0139-41C8-A8D0-A2CA78AC570E}.Release|Any CPU.Build.0 = Release|Any CPU
	EndGlobalSection
	GlobalSection(SolutionProperties) = preSolution
		HideSolutionNode = FALSE
	EndGlobalSection
	GlobalSection(ExtensibilityGlobals) = postSolution
		SolutionGuid = {42DBDF75-0471-4839-ABBD-FBA34ADFEFEE}
	EndGlobalSection
EndGlobal
