
Microsoft Visual Studio Solution File, Format Version 12.00
# Visual Studio Version 17
VisualStudioVersion = 17.14.36705.20 d17.14
MinimumVisualStudioVersion = 10.0.40219.1
Project("{FAE04EC0-301F-11D3-BF4B-00C04F79EFBC}") = "estadistica2", "estadistica2\estadistica2.csproj", "{8808CCD9-7BCE-45D2-BA04-95742136AF1E}"
EndProject
Global
	GlobalSection(SolutionConfigurationPlatforms) = preSolution
		Debug|Any CPU = Debug|Any CPU
		Release|Any CPU = Release|Any CPU
	EndGlobalSection
	GlobalSection(ProjectConfigurationPlatforms) = postSolution
		{8808CCD9-7BCE-45D2-BA04-95742136AF1E}.Debug|Any CPU.ActiveCfg = Debug|Any CPU
		{8808CCD9-7BCE-45D2-BA04-95742136AF1E}.Debug|Any CPU.Build.0 = Debug|Any CPU
		{8808CCD9-7BCE-45D2-BA04-95742136AF1E}.Release|Any CPU.ActiveCfg = Release|Any CPU
		{8808CCD9-7BCE-45D2-BA04-95742136AF1E}.Release|Any CPU.Build.0 = Release|Any CPU
	EndGlobalSection
	GlobalSection(SolutionProperties) = preSolution
		HideSolutionNode = FALSE
	EndGlobalSection
	GlobalSection(ExtensibilityGlobals) = postSolution
		SolutionGuid = {1AE64523-F094-410B-8CEC-5EEFD3383323}
	EndGlobalSection
EndGlobal
